
Microsoft Visual Studio Solution File, Format Version 12.00
# Visual Studio 15
Project("{FAE04EC0-301F-11D3-BF4B-00C04F79EFBC}") = "UnityEngine.UI", "UnityEngine.UI.csproj", "{72FE8425-7603-BDC2-C8D2-644140917721}"
EndProject
Project("{FAE04EC0-301F-11D3-BF4B-00C04F79EFBC}") = "Assembly-CSharp", "Assembly-CSharp.csproj", "{7F27CFF4-838C-AC11-E7DA-6EE97E149B49}"
EndProject
Project("{FAE04EC0-301F-11D3-BF4B-00C04F79EFBC}") = "UnityEditor.UI", "UnityEditor.UI.csproj", "{C29AF607-6A26-E801-751A-148BB87700DD}"
EndProject
Global
	GlobalSection(SolutionConfigurationPlatforms) = preSolution
		Debug|Any CPU = Debug|Any CPU
		Release|Any CPU = Release|Any CPU
	EndGlobalSection
	GlobalSection(ProjectConfigurationPlatforms) = postSolution
		{72FE8425-7603-BDC2-C8D2-644140917721}.Debug|Any CPU.ActiveCfg = Debug|Any CPU
		{72FE8425-7603-BDC2-C8D2-644140917721}.Debug|Any CPU.Build.0 = Debug|Any CPU
		{72FE8425-7603-BDC2-C8D2-644140917721}.Release|Any CPU.ActiveCfg = Release|Any CPU
		{72FE8425-7603-BDC2-C8D2-644140917721}.Release|Any CPU.Build.0 = Release|Any CPU
		{7F27CFF4-838C-AC11-E7DA-6EE97E149B49}.Debug|Any CPU.ActiveCfg = Debug|Any CPU
		{7F27CFF4-838C-AC11-E7DA-6EE97E149B49}.Debug|Any CPU.Build.0 = Debug|Any CPU
		{7F27CFF4-838C-AC11-E7DA-6EE97E149B49}.Release|Any CPU.ActiveCfg = Release|Any CPU
		{7F27CFF4-838C-AC11-E7DA-6EE97E149B49}.Release|Any CPU.Build.0 = Release|Any CPU
		{C29AF607-6A26-E801-751A-148BB87700DD}.Debug|Any CPU.ActiveCfg = Debug|Any CPU
		{C29AF607-6A26-E801-751A-148BB87700DD}.Debug|Any CPU.Build.0 = Debug|Any CPU
		{C29AF607-6A26-E801-751A-148BB87700DD}.Release|Any CPU.ActiveCfg = Release|Any CPU
		{C29AF607-6A26-E801-751A-148BB87700DD}.Release|Any CPU.Build.0 = Release|Any CPU
	EndGlobalSection
	GlobalSection(SolutionProperties) = preSolution
		HideSolutionNode = FALSE
	EndGlobalSection
EndGlobal
